
Microsoft Visual Studio Solution File, Format Version 12.00
# Visual Studio Version 17
VisualStudioVersion = 17.0.31903.59
MinimumVisualStudioVersion = 10.0.40219.1
Project("{2150E333-8FDC-42A3-9474-1A3956D46DE8}") = "src", "src", "{827E0CD3-B72D-47B6-A68D-7590B98EB39B}"
EndProject
Project("{F2A71F9B-5D33-465A-A702-920D77279786}") = "Falco", "src\Falco\Falco.fsproj", "{D6613F0B-7571-432E-964B-B9629B3B06CB}"
EndProject
Project("{2150E333-8FDC-42A3-9474-1A3956D46DE8}") = "test", "test", "{0C88DD14-F956-CE84-757C-A364CCF449FC}"
EndProject
Project("{F2A71F9B-5D33-465A-A702-920D77279786}") = "Falco.Tests", "test\Falco.Tests\Falco.Tests.fsproj", "{9600E734-196E-4922-929E-8B5906A1FBAA}"
EndProject
Project("{F2A71F9B-5D33-465A-A702-920D77279786}") = "Falco.IntegrationTests.App", "test\Falco.IntegrationTests.App\Falco.IntegrationTests.App.fsproj", "{7A9A92D3-EADC-40D0-8E90-82AE651195F1}"
EndProject
Project("{F2A71F9B-5D33-465A-A702-920D77279786}") = "Falco.IntegrationTests", "test\Falco.IntegrationTests\Falco.IntegrationTests.fsproj", "{5985B9A8-267A-46FF-8E5C-3E016B36E3EA}"
EndProject
Global
	GlobalSection(SolutionConfigurationPlatforms) = preSolution
		Debug|Any CPU = Debug|Any CPU
		Debug|x64 = Debug|x64
		Debug|x86 = Debug|x86
		Release|Any CPU = Release|Any CPU
		Release|x64 = Release|x64
		Release|x86 = Release|x86
	EndGlobalSection
	GlobalSection(ProjectConfigurationPlatforms) = postSolution
		{D6613F0B-7571-432E-964B-B9629B3B06CB}.Debug|Any CPU.ActiveCfg = Debug|Any CPU
		{D6613F0B-7571-432E-964B-B9629B3B06CB}.Debug|Any CPU.Build.0 = Debug|Any CPU
		{D6613F0B-7571-432E-964B-B9629B3B06CB}.Debug|x64.ActiveCfg = Debug|Any CPU
		{D6613F0B-7571-432E-964B-B9629B3B06CB}.Debug|x64.Build.0 = Debug|Any CPU
		{D6613F0B-7571-432E-964B-B9629B3B06CB}.Debug|x86.ActiveCfg = Debug|Any CPU
		{D6613F0B-7571-432E-964B-B9629B3B06CB}.Debug|x86.Build.0 = Debug|Any CPU
		{D6613F0B-7571-432E-964B-B9629B3B06CB}.Release|Any CPU.ActiveCfg = Release|Any CPU
		{D6613F0B-7571-432E-964B-B9629B3B06CB}.Release|Any CPU.Build.0 = Release|Any CPU
		{D6613F0B-7571-432E-964B-B9629B3B06CB}.Release|x64.ActiveCfg = Release|Any CPU
		{D6613F0B-7571-432E-964B-B9629B3B06CB}.Release|x64.Build.0 = Release|Any CPU
		{D6613F0B-7571-432E-964B-B9629B3B06CB}.Release|x86.ActiveCfg = Release|Any CPU
		{D6613F0B-7571-432E-964B-B9629B3B06CB}.Release|x86.Build.0 = Release|Any CPU
		{9600E734-196E-4922-929E-8B5906A1FBAA}.Debug|Any CPU.ActiveCfg = Debug|Any CPU
		{9600E734-196E-4922-929E-8B5906A1FBAA}.Debug|Any CPU.Build.0 = Debug|Any CPU
		{9600E734-196E-4922-929E-8B5906A1FBAA}.Debug|x64.ActiveCfg = Debug|Any CPU
		{9600E734-196E-4922-929E-8B5906A1FBAA}.Debug|x64.Build.0 = Debug|Any CPU
		{9600E734-196E-4922-929E-8B5906A1FBAA}.Debug|x86.ActiveCfg = Debug|Any CPU
		{9600E734-196E-4922-929E-8B5906A1FBAA}.Debug|x86.Build.0 = Debug|Any CPU
		{9600E734-196E-4922-929E-8B5906A1FBAA}.Release|Any CPU.ActiveCfg = Release|Any CPU
		{9600E734-196E-4922-929E-8B5906A1FBAA}.Release|Any CPU.Build.0 = Release|Any CPU
		{9600E734-196E-4922-929E-8B5906A1FBAA}.Release|x64.ActiveCfg = Release|Any CPU
		{9600E734-196E-4922-929E-8B5906A1FBAA}.Release|x64.Build.0 = Release|Any CPU
		{9600E734-196E-4922-929E-8B5906A1FBAA}.Release|x86.ActiveCfg = Release|Any CPU
		{9600E734-196E-4922-929E-8B5906A1FBAA}.Release|x86.Build.0 = Release|Any CPU
		{7A9A92D3-EADC-40D0-8E90-82AE651195F1}.Debug|Any CPU.ActiveCfg = Debug|Any CPU
		{7A9A92D3-EADC-40D0-8E90-82AE651195F1}.Debug|Any CPU.Build.0 = Debug|Any CPU
		{7A9A92D3-EADC-40D0-8E90-82AE651195F1}.Debug|x64.ActiveCfg = Debug|Any CPU
		{7A9A92D3-EADC-40D0-8E90-82AE651195F1}.Debug|x64.Build.0 = Debug|Any CPU
		{7A9A92D3-EADC-40D0-8E90-82AE651195F1}.Debug|x86.ActiveCfg = Debug|Any CPU
		{7A9A92D3-EADC-40D0-8E90-82AE651195F1}.Debug|x86.Build.0 = Debug|Any CPU
		{7A9A92D3-EADC-40D0-8E90-82AE651195F1}.Release|Any CPU.ActiveCfg = Release|Any CPU
		{7A9A92D3-EADC-40D0-8E90-82AE651195F1}.Release|Any CPU.Build.0 = Release|Any CPU
		{7A9A92D3-EADC-40D0-8E90-82AE651195F1}.Release|x64.ActiveCfg = Release|Any CPU
		{7A9A92D3-EADC-40D0-8E90-82AE651195F1}.Release|x64.Build.0 = Release|Any CPU
		{7A9A92D3-EADC-40D0-8E90-82AE651195F1}.Release|x86.ActiveCfg = Release|Any CPU
		{7A9A92D3-EADC-40D0-8E90-82AE651195F1}.Release|x86.Build.0 = Release|Any CPU
		{5985B9A8-267A-46FF-8E5C-3E016B36E3EA}.Debug|Any CPU.ActiveCfg = Debug|Any CPU
		{5985B9A8-267A-46FF-8E5C-3E016B36E3EA}.Debug|Any CPU.Build.0 = Debug|Any CPU
		{5985B9A8-267A-46FF-8E5C-3E016B36E3EA}.Debug|x64.ActiveCfg = Debug|Any CPU
		{5985B9A8-267A-46FF-8E5C-3E016B36E3EA}.Debug|x64.Build.0 = Debug|Any CPU
		{5985B9A8-267A-46FF-8E5C-3E016B36E3EA}.Debug|x86.ActiveCfg = Debug|Any CPU
		{5985B9A8-267A-46FF-8E5C-3E016B36E3EA}.Debug|x86.Build.0 = Debug|Any CPU
		{5985B9A8-267A-46FF-8E5C-3E016B36E3EA}.Release|Any CPU.ActiveCfg = Release|Any CPU
		{5985B9A8-267A-46FF-8E5C-3E016B36E3EA}.Release|Any CPU.Build.0 = Release|Any CPU
		{5985B9A8-267A-46FF-8E5C-3E016B36E3EA}.Release|x64.ActiveCfg = Release|Any CPU
		{5985B9A8-267A-46FF-8E5C-3E016B36E3EA}.Release|x64.Build.0 = Release|Any CPU
		{5985B9A8-267A-46FF-8E5C-3E016B36E3EA}.Release|x86.ActiveCfg = Release|Any CPU
		{5985B9A8-267A-46FF-8E5C-3E016B36E3EA}.Release|x86.Build.0 = Release|Any CPU
	EndGlobalSection
	GlobalSection(SolutionProperties) = preSolution
		HideSolutionNode = FALSE
	EndGlobalSection
	GlobalSection(NestedProjects) = preSolution
		{D6613F0B-7571-432E-964B-B9629B3B06CB} = {827E0CD3-B72D-47B6-A68D-7590B98EB39B}
		{9600E734-196E-4922-929E-8B5906A1FBAA} = {0C88DD14-F956-CE84-757C-A364CCF449FC}
		{7A9A92D3-EADC-40D0-8E90-82AE651195F1} = {0C88DD14-F956-CE84-757C-A364CCF449FC}
		{5985B9A8-267A-46FF-8E5C-3E016B36E3EA} = {0C88DD14-F956-CE84-757C-A364CCF449FC}
	EndGlobalSection
EndGlobal
