
Microsoft Visual Studio Solution File, Format Version 12.00
# Visual Studio Version 17
VisualStudioVersion = 17.0.31903.59
MinimumVisualStudioVersion = 10.0.40219.1
Project("{2150E333-8FDC-42A3-9474-1A3956D46DE8}") = "src", "src", "{827E0CD3-B72D-47B6-A68D-7590B98EB39B}"
EndProject
Project("{F2A71F9B-5D33-465A-A702-920D77279786}") = "Falco", "src\Falco\Falco.fsproj", "{5CCB23CC-5AEC-455A-A4D4-6F09728B11A4}"
EndProject
Project("{2150E333-8FDC-42A3-9474-1A3956D46DE8}") = "test", "test", "{0C88DD14-F956-CE84-757C-A364CCF449FC}"
EndProject
Project("{F2A71F9B-5D33-465A-A702-920D77279786}") = "Falco.Tests", "test\Falco.Tests\Falco.Tests.fsproj", "{AF06FDCA-F48A-4541-A795-D00B3232A9FC}"
EndProject
Project("{F2A71F9B-5D33-465A-A702-920D77279786}") = "Falco.IntegrationTests", "test\Falco.IntegrationTests\Falco.IntegrationTests.fsproj", "{8EE89768-81A7-4C26-BD28-01A0483D4641}"
EndProject
Project("{F2A71F9B-5D33-465A-A702-920D77279786}") = "Falco.IntegrationTests.App", "test\Falco.IntegrationTests.App\Falco.IntegrationTests.App.fsproj", "{F8185D89-AC0F-49A8-8B99-382D36BFEEA7}"
EndProject
Project("{2150E333-8FDC-42A3-9474-1A3956D46DE8}") = "examples", "examples", "{B36A84DF-456D-A817-6EDD-3EC3E7F6E11F}"
EndProject
Project("{F2A71F9B-5D33-465A-A702-920D77279786}") = "BasicRestApi", "examples\BasicRestApi\BasicRestApi.fsproj", "{349EBDC9-D8ED-451B-8E4E-55BA96A9CF32}"
EndProject
Project("{F2A71F9B-5D33-465A-A702-920D77279786}") = "DependencyInjection", "examples\DependencyInjection\DependencyInjection.fsproj", "{84194BCA-7443-46E4-9008-CC30CD6FC8EA}"
EndProject
Project("{F2A71F9B-5D33-465A-A702-920D77279786}") = "ExternalViewEngine", "examples\ExternalViewEngine\ExternalViewEngine.fsproj", "{8F6690B5-D626-4641-922B-063160069C76}"
EndProject
Project("{F2A71F9B-5D33-465A-A702-920D77279786}") = "HelloWorld", "examples\HelloWorld\HelloWorld.fsproj", "{393E407C-3453-4800-8357-07C407999DCB}"
EndProject
Project("{F2A71F9B-5D33-465A-A702-920D77279786}") = "HelloWorldMvc", "examples\HelloWorldMvc\HelloWorldMvc.fsproj", "{E5A60979-8D5B-4027-983C-72447038D436}"
EndProject
Project("{F2A71F9B-5D33-465A-A702-920D77279786}") = "Htmx", "examples\Htmx\Htmx.fsproj", "{A8CAC743-1F8C-4712-A4F1-085EE940BFF3}"
EndProject
Project("{F2A71F9B-5D33-465A-A702-920D77279786}") = "OpenApi", "examples\OpenApi\OpenApi.fsproj", "{167257A7-380B-44B9-8321-5D768F37055B}"
EndProject
Project("{2150E333-8FDC-42A3-9474-1A3956D46DE8}") = "site", "site", "{39BD2E36-7548-A3B4-59B4-E088F7E0624A}"
EndProject
Project("{F2A71F9B-5D33-465A-A702-920D77279786}") = "Site", "site\Site.fsproj", "{A1C7F17A-6179-4E4B-B60B-5C20ACBE1ECA}"
EndProject
Global
	GlobalSection(SolutionConfigurationPlatforms) = preSolution
		Debug|Any CPU = Debug|Any CPU
		Debug|x64 = Debug|x64
		Debug|x86 = Debug|x86
		Release|Any CPU = Release|Any CPU
		Release|x64 = Release|x64
		Release|x86 = Release|x86
	EndGlobalSection
	GlobalSection(ProjectConfigurationPlatforms) = postSolution
		{5CCB23CC-5AEC-455A-A4D4-6F09728B11A4}.Debug|Any CPU.ActiveCfg = Debug|Any CPU
		{5CCB23CC-5AEC-455A-A4D4-6F09728B11A4}.Debug|Any CPU.Build.0 = Debug|Any CPU
		{5CCB23CC-5AEC-455A-A4D4-6F09728B11A4}.Debug|x64.ActiveCfg = Debug|Any CPU
		{5CCB23CC-5AEC-455A-A4D4-6F09728B11A4}.Debug|x64.Build.0 = Debug|Any CPU
		{5CCB23CC-5AEC-455A-A4D4-6F09728B11A4}.Debug|x86.ActiveCfg = Debug|Any CPU
		{5CCB23CC-5AEC-455A-A4D4-6F09728B11A4}.Debug|x86.Build.0 = Debug|Any CPU
		{5CCB23CC-5AEC-455A-A4D4-6F09728B11A4}.Release|Any CPU.ActiveCfg = Release|Any CPU
		{5CCB23CC-5AEC-455A-A4D4-6F09728B11A4}.Release|Any CPU.Build.0 = Release|Any CPU
		{5CCB23CC-5AEC-455A-A4D4-6F09728B11A4}.Release|x64.ActiveCfg = Release|Any CPU
		{5CCB23CC-5AEC-455A-A4D4-6F09728B11A4}.Release|x64.Build.0 = Release|Any CPU
		{5CCB23CC-5AEC-455A-A4D4-6F09728B11A4}.Release|x86.ActiveCfg = Release|Any CPU
		{5CCB23CC-5AEC-455A-A4D4-6F09728B11A4}.Release|x86.Build.0 = Release|Any CPU
		{AF06FDCA-F48A-4541-A795-D00B3232A9FC}.Debug|Any CPU.ActiveCfg = Debug|Any CPU
		{AF06FDCA-F48A-4541-A795-D00B3232A9FC}.Debug|Any CPU.Build.0 = Debug|Any CPU
		{AF06FDCA-F48A-4541-A795-D00B3232A9FC}.Debug|x64.ActiveCfg = Debug|Any CPU
		{AF06FDCA-F48A-4541-A795-D00B3232A9FC}.Debug|x64.Build.0 = Debug|Any CPU
		{AF06FDCA-F48A-4541-A795-D00B3232A9FC}.Debug|x86.ActiveCfg = Debug|Any CPU
		{AF06FDCA-F48A-4541-A795-D00B3232A9FC}.Debug|x86.Build.0 = Debug|Any CPU
		{AF06FDCA-F48A-4541-A795-D00B3232A9FC}.Release|Any CPU.ActiveCfg = Release|Any CPU
		{AF06FDCA-F48A-4541-A795-D00B3232A9FC}.Release|Any CPU.Build.0 = Release|Any CPU
		{AF06FDCA-F48A-4541-A795-D00B3232A9FC}.Release|x64.ActiveCfg = Release|Any CPU
		{AF06FDCA-F48A-4541-A795-D00B3232A9FC}.Release|x64.Build.0 = Release|Any CPU
		{AF06FDCA-F48A-4541-A795-D00B3232A9FC}.Release|x86.ActiveCfg = Release|Any CPU
		{AF06FDCA-F48A-4541-A795-D00B3232A9FC}.Release|x86.Build.0 = Release|Any CPU
		{8EE89768-81A7-4C26-BD28-01A0483D4641}.Debug|Any CPU.ActiveCfg = Debug|Any CPU
		{8EE89768-81A7-4C26-BD28-01A0483D4641}.Debug|Any CPU.Build.0 = Debug|Any CPU
		{8EE89768-81A7-4C26-BD28-01A0483D4641}.Debug|x64.ActiveCfg = Debug|Any CPU
		{8EE89768-81A7-4C26-BD28-01A0483D4641}.Debug|x64.Build.0 = Debug|Any CPU
		{8EE89768-81A7-4C26-BD28-01A0483D4641}.Debug|x86.ActiveCfg = Debug|Any CPU
		{8EE89768-81A7-4C26-BD28-01A0483D4641}.Debug|x86.Build.0 = Debug|Any CPU
		{8EE89768-81A7-4C26-BD28-01A0483D4641}.Release|Any CPU.ActiveCfg = Release|Any CPU
		{8EE89768-81A7-4C26-BD28-01A0483D4641}.Release|Any CPU.Build.0 = Release|Any CPU
		{8EE89768-81A7-4C26-BD28-01A0483D4641}.Release|x64.ActiveCfg = Release|Any CPU
		{8EE89768-81A7-4C26-BD28-01A0483D4641}.Release|x64.Build.0 = Release|Any CPU
		{8EE89768-81A7-4C26-BD28-01A0483D4641}.Release|x86.ActiveCfg = Release|Any CPU
		{8EE89768-81A7-4C26-BD28-01A0483D4641}.Release|x86.Build.0 = Release|Any CPU
		{F8185D89-AC0F-49A8-8B99-382D36BFEEA7}.Debug|Any CPU.ActiveCfg = Debug|Any CPU
		{F8185D89-AC0F-49A8-8B99-382D36BFEEA7}.Debug|Any CPU.Build.0 = Debug|Any CPU
		{F8185D89-AC0F-49A8-8B99-382D36BFEEA7}.Debug|x64.ActiveCfg = Debug|Any CPU
		{F8185D89-AC0F-49A8-8B99-382D36BFEEA7}.Debug|x64.Build.0 = Debug|Any CPU
		{F8185D89-AC0F-49A8-8B99-382D36BFEEA7}.Debug|x86.ActiveCfg = Debug|Any CPU
		{F8185D89-AC0F-49A8-8B99-382D36BFEEA7}.Debug|x86.Build.0 = Debug|Any CPU
		{F8185D89-AC0F-49A8-8B99-382D36BFEEA7}.Release|Any CPU.ActiveCfg = Release|Any CPU
		{F8185D89-AC0F-49A8-8B99-382D36BFEEA7}.Release|Any CPU.Build.0 = Release|Any CPU
		{F8185D89-AC0F-49A8-8B99-382D36BFEEA7}.Release|x64.ActiveCfg = Release|Any CPU
		{F8185D89-AC0F-49A8-8B99-382D36BFEEA7}.Release|x64.Build.0 = Release|Any CPU
		{F8185D89-AC0F-49A8-8B99-382D36BFEEA7}.Release|x86.ActiveCfg = Release|Any CPU
		{F8185D89-AC0F-49A8-8B99-382D36BFEEA7}.Release|x86.Build.0 = Release|Any CPU
		{349EBDC9-D8ED-451B-8E4E-55BA96A9CF32}.Debug|Any CPU.ActiveCfg = Debug|Any CPU
		{349EBDC9-D8ED-451B-8E4E-55BA96A9CF32}.Debug|Any CPU.Build.0 = Debug|Any CPU
		{349EBDC9-D8ED-451B-8E4E-55BA96A9CF32}.Debug|x64.ActiveCfg = Debug|Any CPU
		{349EBDC9-D8ED-451B-8E4E-55BA96A9CF32}.Debug|x64.Build.0 = Debug|Any CPU
		{349EBDC9-D8ED-451B-8E4E-55BA96A9CF32}.Debug|x86.ActiveCfg = Debug|Any CPU
		{349EBDC9-D8ED-451B-8E4E-55BA96A9CF32}.Debug|x86.Build.0 = Debug|Any CPU
		{349EBDC9-D8ED-451B-8E4E-55BA96A9CF32}.Release|Any CPU.ActiveCfg = Release|Any CPU
		{349EBDC9-D8ED-451B-8E4E-55BA96A9CF32}.Release|Any CPU.Build.0 = Release|Any CPU
		{349EBDC9-D8ED-451B-8E4E-55BA96A9CF32}.Release|x64.ActiveCfg = Release|Any CPU
		{349EBDC9-D8ED-451B-8E4E-55BA96A9CF32}.Release|x64.Build.0 = Release|Any CPU
		{349EBDC9-D8ED-451B-8E4E-55BA96A9CF32}.Release|x86.ActiveCfg = Release|Any CPU
		{349EBDC9-D8ED-451B-8E4E-55BA96A9CF32}.Release|x86.Build.0 = Release|Any CPU
		{84194BCA-7443-46E4-9008-CC30CD6FC8EA}.Debug|Any CPU.ActiveCfg = Debug|Any CPU
		{84194BCA-7443-46E4-9008-CC30CD6FC8EA}.Debug|Any CPU.Build.0 = Debug|Any CPU
		{84194BCA-7443-46E4-9008-CC30CD6FC8EA}.Debug|x64.ActiveCfg = Debug|Any CPU
		{84194BCA-7443-46E4-9008-CC30CD6FC8EA}.Debug|x64.Build.0 = Debug|Any CPU
		{84194BCA-7443-46E4-9008-CC30CD6FC8EA}.Debug|x86.ActiveCfg = Debug|Any CPU
		{84194BCA-7443-46E4-9008-CC30CD6FC8EA}.Debug|x86.Build.0 = Debug|Any CPU
		{84194BCA-7443-46E4-9008-CC30CD6FC8EA}.Release|Any CPU.ActiveCfg = Release|Any CPU
		{84194BCA-7443-46E4-9008-CC30CD6FC8EA}.Release|Any CPU.Build.0 = Release|Any CPU
		{84194BCA-7443-46E4-9008-CC30CD6FC8EA}.Release|x64.ActiveCfg = Release|Any CPU
		{84194BCA-7443-46E4-9008-CC30CD6FC8EA}.Release|x64.Build.0 = Release|Any CPU
		{84194BCA-7443-46E4-9008-CC30CD6FC8EA}.Release|x86.ActiveCfg = Release|Any CPU
		{84194BCA-7443-46E4-9008-CC30CD6FC8EA}.Release|x86.Build.0 = Release|Any CPU
		{8F6690B5-D626-4641-922B-063160069C76}.Debug|Any CPU.ActiveCfg = Debug|Any CPU
		{8F6690B5-D626-4641-922B-063160069C76}.Debug|Any CPU.Build.0 = Debug|Any CPU
		{8F6690B5-D626-4641-922B-063160069C76}.Debug|x64.ActiveCfg = Debug|Any CPU
		{8F6690B5-D626-4641-922B-063160069C76}.Debug|x64.Build.0 = Debug|Any CPU
		{8F6690B5-D626-4641-922B-063160069C76}.Debug|x86.ActiveCfg = Debug|Any CPU
		{8F6690B5-D626-4641-922B-063160069C76}.Debug|x86.Build.0 = Debug|Any CPU
		{8F6690B5-D626-4641-922B-063160069C76}.Release|Any CPU.ActiveCfg = Release|Any CPU
		{8F6690B5-D626-4641-922B-063160069C76}.Release|Any CPU.Build.0 = Release|Any CPU
		{8F6690B5-D626-4641-922B-063160069C76}.Release|x64.ActiveCfg = Release|Any CPU
		{8F6690B5-D626-4641-922B-063160069C76}.Release|x64.Build.0 = Release|Any CPU
		{8F6690B5-D626-4641-922B-063160069C76}.Release|x86.ActiveCfg = Release|Any CPU
		{8F6690B5-D626-4641-922B-063160069C76}.Release|x86.Build.0 = Release|Any CPU
		{393E407C-3453-4800-8357-07C407999DCB}.Debug|Any CPU.ActiveCfg = Debug|Any CPU
		{393E407C-3453-4800-8357-07C407999DCB}.Debug|Any CPU.Build.0 = Debug|Any CPU
		{393E407C-3453-4800-8357-07C407999DCB}.Debug|x64.ActiveCfg = Debug|Any CPU
		{393E407C-3453-4800-8357-07C407999DCB}.Debug|x64.Build.0 = Debug|Any CPU
		{393E407C-3453-4800-8357-07C407999DCB}.Debug|x86.ActiveCfg = Debug|Any CPU
		{393E407C-3453-4800-8357-07C407999DCB}.Debug|x86.Build.0 = Debug|Any CPU
		{393E407C-3453-4800-8357-07C407999DCB}.Release|Any CPU.ActiveCfg = Release|Any CPU
		{393E407C-3453-4800-8357-07C407999DCB}.Release|Any CPU.Build.0 = Release|Any CPU
		{393E407C-3453-4800-8357-07C407999DCB}.Release|x64.ActiveCfg = Release|Any CPU
		{393E407C-3453-4800-8357-07C407999DCB}.Release|x64.Build.0 = Release|Any CPU
		{393E407C-3453-4800-8357-07C407999DCB}.Release|x86.ActiveCfg = Release|Any CPU
		{393E407C-3453-4800-8357-07C407999DCB}.Release|x86.Build.0 = Release|Any CPU
		{E5A60979-8D5B-4027-983C-72447038D436}.Debug|Any CPU.ActiveCfg = Debug|Any CPU
		{E5A60979-8D5B-4027-983C-72447038D436}.Debug|Any CPU.Build.0 = Debug|Any CPU
		{E5A60979-8D5B-4027-983C-72447038D436}.Debug|x64.ActiveCfg = Debug|Any CPU
		{E5A60979-8D5B-4027-983C-72447038D436}.Debug|x64.Build.0 = Debug|Any CPU
		{E5A60979-8D5B-4027-983C-72447038D436}.Debug|x86.ActiveCfg = Debug|Any CPU
		{E5A60979-8D5B-4027-983C-72447038D436}.Debug|x86.Build.0 = Debug|Any CPU
		{E5A60979-8D5B-4027-983C-72447038D436}.Release|Any CPU.ActiveCfg = Release|Any CPU
		{E5A60979-8D5B-4027-983C-72447038D436}.Release|Any CPU.Build.0 = Release|Any CPU
		{E5A60979-8D5B-4027-983C-72447038D436}.Release|x64.ActiveCfg = Release|Any CPU
		{E5A60979-8D5B-4027-983C-72447038D436}.Release|x64.Build.0 = Release|Any CPU
		{E5A60979-8D5B-4027-983C-72447038D436}.Release|x86.ActiveCfg = Release|Any CPU
		{E5A60979-8D5B-4027-983C-72447038D436}.Release|x86.Build.0 = Release|Any CPU
		{A8CAC743-1F8C-4712-A4F1-085EE940BFF3}.Debug|Any CPU.ActiveCfg = Debug|Any CPU
		{A8CAC743-1F8C-4712-A4F1-085EE940BFF3}.Debug|Any CPU.Build.0 = Debug|Any CPU
		{A8CAC743-1F8C-4712-A4F1-085EE940BFF3}.Debug|x64.ActiveCfg = Debug|Any CPU
		{A8CAC743-1F8C-4712-A4F1-085EE940BFF3}.Debug|x64.Build.0 = Debug|Any CPU
		{A8CAC743-1F8C-4712-A4F1-085EE940BFF3}.Debug|x86.ActiveCfg = Debug|Any CPU
		{A8CAC743-1F8C-4712-A4F1-085EE940BFF3}.Debug|x86.Build.0 = Debug|Any CPU
		{A8CAC743-1F8C-4712-A4F1-085EE940BFF3}.Release|Any CPU.ActiveCfg = Release|Any CPU
		{A8CAC743-1F8C-4712-A4F1-085EE940BFF3}.Release|Any CPU.Build.0 = Release|Any CPU
		{A8CAC743-1F8C-4712-A4F1-085EE940BFF3}.Release|x64.ActiveCfg = Release|Any CPU
		{A8CAC743-1F8C-4712-A4F1-085EE940BFF3}.Release|x64.Build.0 = Release|Any CPU
		{A8CAC743-1F8C-4712-A4F1-085EE940BFF3}.Release|x86.ActiveCfg = Release|Any CPU
		{A8CAC743-1F8C-4712-A4F1-085EE940BFF3}.Release|x86.Build.0 = Release|Any CPU
		{167257A7-380B-44B9-8321-5D768F37055B}.Debug|Any CPU.ActiveCfg = Debug|Any CPU
		{167257A7-380B-44B9-8321-5D768F37055B}.Debug|Any CPU.Build.0 = Debug|Any CPU
		{167257A7-380B-44B9-8321-5D768F37055B}.Debug|x64.ActiveCfg = Debug|Any CPU
		{167257A7-380B-44B9-8321-5D768F37055B}.Debug|x64.Build.0 = Debug|Any CPU
		{167257A7-380B-44B9-8321-5D768F37055B}.Debug|x86.ActiveCfg = Debug|Any CPU
		{167257A7-380B-44B9-8321-5D768F37055B}.Debug|x86.Build.0 = Debug|Any CPU
		{167257A7-380B-44B9-8321-5D768F37055B}.Release|Any CPU.ActiveCfg = Release|Any CPU
		{167257A7-380B-44B9-8321-5D768F37055B}.Release|Any CPU.Build.0 = Release|Any CPU
		{167257A7-380B-44B9-8321-5D768F37055B}.Release|x64.ActiveCfg = Release|Any CPU
		{167257A7-380B-44B9-8321-5D768F37055B}.Release|x64.Build.0 = Release|Any CPU
		{167257A7-380B-44B9-8321-5D768F37055B}.Release|x86.ActiveCfg = Release|Any CPU
		{167257A7-380B-44B9-8321-5D768F37055B}.Release|x86.Build.0 = Release|Any CPU
		{A1C7F17A-6179-4E4B-B60B-5C20ACBE1ECA}.Debug|Any CPU.ActiveCfg = Debug|Any CPU
		{A1C7F17A-6179-4E4B-B60B-5C20ACBE1ECA}.Debug|Any CPU.Build.0 = Debug|Any CPU
		{A1C7F17A-6179-4E4B-B60B-5C20ACBE1ECA}.Debug|x64.ActiveCfg = Debug|Any CPU
		{A1C7F17A-6179-4E4B-B60B-5C20ACBE1ECA}.Debug|x64.Build.0 = Debug|Any CPU
		{A1C7F17A-6179-4E4B-B60B-5C20ACBE1ECA}.Debug|x86.ActiveCfg = Debug|Any CPU
		{A1C7F17A-6179-4E4B-B60B-5C20ACBE1ECA}.Debug|x86.Build.0 = Debug|Any CPU
		{A1C7F17A-6179-4E4B-B60B-5C20ACBE1ECA}.Release|Any CPU.ActiveCfg = Release|Any CPU
		{A1C7F17A-6179-4E4B-B60B-5C20ACBE1ECA}.Release|Any CPU.Build.0 = Release|Any CPU
		{A1C7F17A-6179-4E4B-B60B-5C20ACBE1ECA}.Release|x64.ActiveCfg = Release|Any CPU
		{A1C7F17A-6179-4E4B-B60B-5C20ACBE1ECA}.Release|x64.Build.0 = Release|Any CPU
		{A1C7F17A-6179-4E4B-B60B-5C20ACBE1ECA}.Release|x86.ActiveCfg = Release|Any CPU
		{A1C7F17A-6179-4E4B-B60B-5C20ACBE1ECA}.Release|x86.Build.0 = Release|Any CPU
	EndGlobalSection
	GlobalSection(SolutionProperties) = preSolution
		HideSolutionNode = FALSE
	EndGlobalSection
	GlobalSection(NestedProjects) = preSolution
		{5CCB23CC-5AEC-455A-A4D4-6F09728B11A4} = {827E0CD3-B72D-47B6-A68D-7590B98EB39B}
		{AF06FDCA-F48A-4541-A795-D00B3232A9FC} = {0C88DD14-F956-CE84-757C-A364CCF449FC}
		{8EE89768-81A7-4C26-BD28-01A0483D4641} = {0C88DD14-F956-CE84-757C-A364CCF449FC}
		{F8185D89-AC0F-49A8-8B99-382D36BFEEA7} = {0C88DD14-F956-CE84-757C-A364CCF449FC}
		{349EBDC9-D8ED-451B-8E4E-55BA96A9CF32} = {B36A84DF-456D-A817-6EDD-3EC3E7F6E11F}
		{84194BCA-7443-46E4-9008-CC30CD6FC8EA} = {B36A84DF-456D-A817-6EDD-3EC3E7F6E11F}
		{8F6690B5-D626-4641-922B-063160069C76} = {B36A84DF-456D-A817-6EDD-3EC3E7F6E11F}
		{393E407C-3453-4800-8357-07C407999DCB} = {B36A84DF-456D-A817-6EDD-3EC3E7F6E11F}
		{E5A60979-8D5B-4027-983C-72447038D436} = {B36A84DF-456D-A817-6EDD-3EC3E7F6E11F}
		{A8CAC743-1F8C-4712-A4F1-085EE940BFF3} = {B36A84DF-456D-A817-6EDD-3EC3E7F6E11F}
		{167257A7-380B-44B9-8321-5D768F37055B} = {B36A84DF-456D-A817-6EDD-3EC3E7F6E11F}
		{A1C7F17A-6179-4E4B-B60B-5C20ACBE1ECA} = {39BD2E36-7548-A3B4-59B4-E088F7E0624A}
	EndGlobalSection
EndGlobal
