
Microsoft Visual Studio Solution File, Format Version 12.00
# Visual Studio Version 17
VisualStudioVersion = 17.0.31903.59
MinimumVisualStudioVersion = 10.0.40219.1
Project("{F2A71F9B-5D33-465A-A702-920D77279786}") = "BasicRestApi", "BasicRestApi\BasicRestApi.fsproj", "{1F90D83C-08A1-45AE-8354-43A67103C4E0}"
EndProject
Project("{F2A71F9B-5D33-465A-A702-920D77279786}") = "Falco", "..\src\Falco\Falco.fsproj", "{172FD81C-526D-4AFF-851B-22AD79011C92}"
EndProject
Project("{F2A71F9B-5D33-465A-A702-920D77279786}") = "Htmx", "Htmx\Htmx.fsproj", "{6C0D3898-42FB-4EEA-975F-52675D7D0AA0}"
EndProject
Project("{F2A71F9B-5D33-465A-A702-920D77279786}") = "HelloWorldMvc", "HelloWorldMvc\HelloWorldMvc.fsproj", "{473C763D-B566-4FA4-928A-49710C521429}"
EndProject
Project("{F2A71F9B-5D33-465A-A702-920D77279786}") = "HelloWorld", "HelloWorld\HelloWorld.fsproj", "{031A5120-0837-4EE8-BFDB-0E6C33D4ADF6}"
EndProject
Project("{F2A71F9B-5D33-465A-A702-920D77279786}") = "DependencyInjection", "DependencyInjection\DependencyInjection.fsproj", "{467C1D39-C674-4011-9F89-06276717A229}"
EndProject
Project("{F2A71F9B-5D33-465A-A702-920D77279786}") = "OpenApi", "OpenApi\OpenApi.fsproj", "{02615E3C-0917-4D78-B79C-3BCC06081D2F}"
EndProject
Project("{F2A71F9B-5D33-465A-A702-920D77279786}") = "ExternalViewEngine", "ExternalViewEngine\ExternalViewEngine.fsproj", "{AC590F56-9EBB-46EA-AE36-91CA1E2EAC54}"
EndProject
Global
	GlobalSection(SolutionConfigurationPlatforms) = preSolution
		Debug|Any CPU = Debug|Any CPU
		Debug|x64 = Debug|x64
		Debug|x86 = Debug|x86
		Release|Any CPU = Release|Any CPU
		Release|x64 = Release|x64
		Release|x86 = Release|x86
	EndGlobalSection
	GlobalSection(ProjectConfigurationPlatforms) = postSolution
		{1F90D83C-08A1-45AE-8354-43A67103C4E0}.Debug|Any CPU.ActiveCfg = Debug|Any CPU
		{1F90D83C-08A1-45AE-8354-43A67103C4E0}.Debug|Any CPU.Build.0 = Debug|Any CPU
		{1F90D83C-08A1-45AE-8354-43A67103C4E0}.Debug|x64.ActiveCfg = Debug|Any CPU
		{1F90D83C-08A1-45AE-8354-43A67103C4E0}.Debug|x64.Build.0 = Debug|Any CPU
		{1F90D83C-08A1-45AE-8354-43A67103C4E0}.Debug|x86.ActiveCfg = Debug|Any CPU
		{1F90D83C-08A1-45AE-8354-43A67103C4E0}.Debug|x86.Build.0 = Debug|Any CPU
		{1F90D83C-08A1-45AE-8354-43A67103C4E0}.Release|Any CPU.ActiveCfg = Release|Any CPU
		{1F90D83C-08A1-45AE-8354-43A67103C4E0}.Release|Any CPU.Build.0 = Release|Any CPU
		{1F90D83C-08A1-45AE-8354-43A67103C4E0}.Release|x64.ActiveCfg = Release|Any CPU
		{1F90D83C-08A1-45AE-8354-43A67103C4E0}.Release|x64.Build.0 = Release|Any CPU
		{1F90D83C-08A1-45AE-8354-43A67103C4E0}.Release|x86.ActiveCfg = Release|Any CPU
		{1F90D83C-08A1-45AE-8354-43A67103C4E0}.Release|x86.Build.0 = Release|Any CPU
		{172FD81C-526D-4AFF-851B-22AD79011C92}.Debug|Any CPU.ActiveCfg = Debug|Any CPU
		{172FD81C-526D-4AFF-851B-22AD79011C92}.Debug|Any CPU.Build.0 = Debug|Any CPU
		{172FD81C-526D-4AFF-851B-22AD79011C92}.Debug|x64.ActiveCfg = Debug|Any CPU
		{172FD81C-526D-4AFF-851B-22AD79011C92}.Debug|x64.Build.0 = Debug|Any CPU
		{172FD81C-526D-4AFF-851B-22AD79011C92}.Debug|x86.ActiveCfg = Debug|Any CPU
		{172FD81C-526D-4AFF-851B-22AD79011C92}.Debug|x86.Build.0 = Debug|Any CPU
		{172FD81C-526D-4AFF-851B-22AD79011C92}.Release|Any CPU.ActiveCfg = Release|Any CPU
		{172FD81C-526D-4AFF-851B-22AD79011C92}.Release|Any CPU.Build.0 = Release|Any CPU
		{172FD81C-526D-4AFF-851B-22AD79011C92}.Release|x64.ActiveCfg = Release|Any CPU
		{172FD81C-526D-4AFF-851B-22AD79011C92}.Release|x64.Build.0 = Release|Any CPU
		{172FD81C-526D-4AFF-851B-22AD79011C92}.Release|x86.ActiveCfg = Release|Any CPU
		{172FD81C-526D-4AFF-851B-22AD79011C92}.Release|x86.Build.0 = Release|Any CPU
		{6C0D3898-42FB-4EEA-975F-52675D7D0AA0}.Debug|Any CPU.ActiveCfg = Debug|Any CPU
		{6C0D3898-42FB-4EEA-975F-52675D7D0AA0}.Debug|Any CPU.Build.0 = Debug|Any CPU
		{6C0D3898-42FB-4EEA-975F-52675D7D0AA0}.Debug|x64.ActiveCfg = Debug|Any CPU
		{6C0D3898-42FB-4EEA-975F-52675D7D0AA0}.Debug|x64.Build.0 = Debug|Any CPU
		{6C0D3898-42FB-4EEA-975F-52675D7D0AA0}.Debug|x86.ActiveCfg = Debug|Any CPU
		{6C0D3898-42FB-4EEA-975F-52675D7D0AA0}.Debug|x86.Build.0 = Debug|Any CPU
		{6C0D3898-42FB-4EEA-975F-52675D7D0AA0}.Release|Any CPU.ActiveCfg = Release|Any CPU
		{6C0D3898-42FB-4EEA-975F-52675D7D0AA0}.Release|Any CPU.Build.0 = Release|Any CPU
		{6C0D3898-42FB-4EEA-975F-52675D7D0AA0}.Release|x64.ActiveCfg = Release|Any CPU
		{6C0D3898-42FB-4EEA-975F-52675D7D0AA0}.Release|x64.Build.0 = Release|Any CPU
		{6C0D3898-42FB-4EEA-975F-52675D7D0AA0}.Release|x86.ActiveCfg = Release|Any CPU
		{6C0D3898-42FB-4EEA-975F-52675D7D0AA0}.Release|x86.Build.0 = Release|Any CPU
		{473C763D-B566-4FA4-928A-49710C521429}.Debug|Any CPU.ActiveCfg = Debug|Any CPU
		{473C763D-B566-4FA4-928A-49710C521429}.Debug|Any CPU.Build.0 = Debug|Any CPU
		{473C763D-B566-4FA4-928A-49710C521429}.Debug|x64.ActiveCfg = Debug|Any CPU
		{473C763D-B566-4FA4-928A-49710C521429}.Debug|x64.Build.0 = Debug|Any CPU
		{473C763D-B566-4FA4-928A-49710C521429}.Debug|x86.ActiveCfg = Debug|Any CPU
		{473C763D-B566-4FA4-928A-49710C521429}.Debug|x86.Build.0 = Debug|Any CPU
		{473C763D-B566-4FA4-928A-49710C521429}.Release|Any CPU.ActiveCfg = Release|Any CPU
		{473C763D-B566-4FA4-928A-49710C521429}.Release|Any CPU.Build.0 = Release|Any CPU
		{473C763D-B566-4FA4-928A-49710C521429}.Release|x64.ActiveCfg = Release|Any CPU
		{473C763D-B566-4FA4-928A-49710C521429}.Release|x64.Build.0 = Release|Any CPU
		{473C763D-B566-4FA4-928A-49710C521429}.Release|x86.ActiveCfg = Release|Any CPU
		{473C763D-B566-4FA4-928A-49710C521429}.Release|x86.Build.0 = Release|Any CPU
		{031A5120-0837-4EE8-BFDB-0E6C33D4ADF6}.Debug|Any CPU.ActiveCfg = Debug|Any CPU
		{031A5120-0837-4EE8-BFDB-0E6C33D4ADF6}.Debug|Any CPU.Build.0 = Debug|Any CPU
		{031A5120-0837-4EE8-BFDB-0E6C33D4ADF6}.Debug|x64.ActiveCfg = Debug|Any CPU
		{031A5120-0837-4EE8-BFDB-0E6C33D4ADF6}.Debug|x64.Build.0 = Debug|Any CPU
		{031A5120-0837-4EE8-BFDB-0E6C33D4ADF6}.Debug|x86.ActiveCfg = Debug|Any CPU
		{031A5120-0837-4EE8-BFDB-0E6C33D4ADF6}.Debug|x86.Build.0 = Debug|Any CPU
		{031A5120-0837-4EE8-BFDB-0E6C33D4ADF6}.Release|Any CPU.ActiveCfg = Release|Any CPU
		{031A5120-0837-4EE8-BFDB-0E6C33D4ADF6}.Release|Any CPU.Build.0 = Release|Any CPU
		{031A5120-0837-4EE8-BFDB-0E6C33D4ADF6}.Release|x64.ActiveCfg = Release|Any CPU
		{031A5120-0837-4EE8-BFDB-0E6C33D4ADF6}.Release|x64.Build.0 = Release|Any CPU
		{031A5120-0837-4EE8-BFDB-0E6C33D4ADF6}.Release|x86.ActiveCfg = Release|Any CPU
		{031A5120-0837-4EE8-BFDB-0E6C33D4ADF6}.Release|x86.Build.0 = Release|Any CPU
		{467C1D39-C674-4011-9F89-06276717A229}.Debug|Any CPU.ActiveCfg = Debug|Any CPU
		{467C1D39-C674-4011-9F89-06276717A229}.Debug|Any CPU.Build.0 = Debug|Any CPU
		{467C1D39-C674-4011-9F89-06276717A229}.Debug|x64.ActiveCfg = Debug|Any CPU
		{467C1D39-C674-4011-9F89-06276717A229}.Debug|x64.Build.0 = Debug|Any CPU
		{467C1D39-C674-4011-9F89-06276717A229}.Debug|x86.ActiveCfg = Debug|Any CPU
		{467C1D39-C674-4011-9F89-06276717A229}.Debug|x86.Build.0 = Debug|Any CPU
		{467C1D39-C674-4011-9F89-06276717A229}.Release|Any CPU.ActiveCfg = Release|Any CPU
		{467C1D39-C674-4011-9F89-06276717A229}.Release|Any CPU.Build.0 = Release|Any CPU
		{467C1D39-C674-4011-9F89-06276717A229}.Release|x64.ActiveCfg = Release|Any CPU
		{467C1D39-C674-4011-9F89-06276717A229}.Release|x64.Build.0 = Release|Any CPU
		{467C1D39-C674-4011-9F89-06276717A229}.Release|x86.ActiveCfg = Release|Any CPU
		{467C1D39-C674-4011-9F89-06276717A229}.Release|x86.Build.0 = Release|Any CPU
		{02615E3C-0917-4D78-B79C-3BCC06081D2F}.Debug|Any CPU.ActiveCfg = Debug|Any CPU
		{02615E3C-0917-4D78-B79C-3BCC06081D2F}.Debug|Any CPU.Build.0 = Debug|Any CPU
		{02615E3C-0917-4D78-B79C-3BCC06081D2F}.Debug|x64.ActiveCfg = Debug|Any CPU
		{02615E3C-0917-4D78-B79C-3BCC06081D2F}.Debug|x64.Build.0 = Debug|Any CPU
		{02615E3C-0917-4D78-B79C-3BCC06081D2F}.Debug|x86.ActiveCfg = Debug|Any CPU
		{02615E3C-0917-4D78-B79C-3BCC06081D2F}.Debug|x86.Build.0 = Debug|Any CPU
		{02615E3C-0917-4D78-B79C-3BCC06081D2F}.Release|Any CPU.ActiveCfg = Release|Any CPU
		{02615E3C-0917-4D78-B79C-3BCC06081D2F}.Release|Any CPU.Build.0 = Release|Any CPU
		{02615E3C-0917-4D78-B79C-3BCC06081D2F}.Release|x64.ActiveCfg = Release|Any CPU
		{02615E3C-0917-4D78-B79C-3BCC06081D2F}.Release|x64.Build.0 = Release|Any CPU
		{02615E3C-0917-4D78-B79C-3BCC06081D2F}.Release|x86.ActiveCfg = Release|Any CPU
		{02615E3C-0917-4D78-B79C-3BCC06081D2F}.Release|x86.Build.0 = Release|Any CPU
		{AC590F56-9EBB-46EA-AE36-91CA1E2EAC54}.Debug|Any CPU.ActiveCfg = Debug|Any CPU
		{AC590F56-9EBB-46EA-AE36-91CA1E2EAC54}.Debug|Any CPU.Build.0 = Debug|Any CPU
		{AC590F56-9EBB-46EA-AE36-91CA1E2EAC54}.Debug|x64.ActiveCfg = Debug|Any CPU
		{AC590F56-9EBB-46EA-AE36-91CA1E2EAC54}.Debug|x64.Build.0 = Debug|Any CPU
		{AC590F56-9EBB-46EA-AE36-91CA1E2EAC54}.Debug|x86.ActiveCfg = Debug|Any CPU
		{AC590F56-9EBB-46EA-AE36-91CA1E2EAC54}.Debug|x86.Build.0 = Debug|Any CPU
		{AC590F56-9EBB-46EA-AE36-91CA1E2EAC54}.Release|Any CPU.ActiveCfg = Release|Any CPU
		{AC590F56-9EBB-46EA-AE36-91CA1E2EAC54}.Release|Any CPU.Build.0 = Release|Any CPU
		{AC590F56-9EBB-46EA-AE36-91CA1E2EAC54}.Release|x64.ActiveCfg = Release|Any CPU
		{AC590F56-9EBB-46EA-AE36-91CA1E2EAC54}.Release|x64.Build.0 = Release|Any CPU
		{AC590F56-9EBB-46EA-AE36-91CA1E2EAC54}.Release|x86.ActiveCfg = Release|Any CPU
		{AC590F56-9EBB-46EA-AE36-91CA1E2EAC54}.Release|x86.Build.0 = Release|Any CPU
	EndGlobalSection
	GlobalSection(SolutionProperties) = preSolution
		HideSolutionNode = FALSE
	EndGlobalSection
EndGlobal
