
Microsoft Visual Studio Solution File, Format Version 12.00
# Visual Studio Version 17
VisualStudioVersion = 17.0.31903.59
MinimumVisualStudioVersion = 10.0.40219.1
Project("{F2A71F9B-5D33-465A-A702-920D77279786}") = "BasicRestApi", "BasicRestApi\BasicRestApi.fsproj", "{15A65B7A-5B4F-48DC-A35A-8F68FA1985DB}"
EndProject
Project("{F2A71F9B-5D33-465A-A702-920D77279786}") = "DependencyInjection", "DependencyInjection\DependencyInjection.fsproj", "{FD9D31B1-B28D-436A-A106-DCA160CA830C}"
EndProject
Project("{F2A71F9B-5D33-465A-A702-920D77279786}") = "ExternalViewEngine", "ExternalViewEngine\ExternalViewEngine.fsproj", "{63672D51-25B6-498A-A2B9-429CD2A3D032}"
EndProject
Project("{F2A71F9B-5D33-465A-A702-920D77279786}") = "HelloWorld", "HelloWorld\HelloWorld.fsproj", "{735D610A-15DD-4624-80FB-828DC7A0C111}"
EndProject
Project("{F2A71F9B-5D33-465A-A702-920D77279786}") = "HelloWorldMvc", "HelloWorldMvc\HelloWorldMvc.fsproj", "{5FF1C603-8224-4575-8883-C82BC7BFDAFC}"
EndProject
Project("{F2A71F9B-5D33-465A-A702-920D77279786}") = "Htmx", "Htmx\Htmx.fsproj", "{B35560D8-6F49-4E48-B074-C24B075B37DF}"
EndProject
Project("{F2A71F9B-5D33-465A-A702-920D77279786}") = "OpenApi", "OpenApi\OpenApi.fsproj", "{8781CBD3-3ED1-469B-9C5C-C1DAE110CA2B}"
EndProject
Global
	GlobalSection(SolutionConfigurationPlatforms) = preSolution
		Debug|Any CPU = Debug|Any CPU
		Debug|x64 = Debug|x64
		Debug|x86 = Debug|x86
		Release|Any CPU = Release|Any CPU
		Release|x64 = Release|x64
		Release|x86 = Release|x86
	EndGlobalSection
	GlobalSection(ProjectConfigurationPlatforms) = postSolution
		{15A65B7A-5B4F-48DC-A35A-8F68FA1985DB}.Debug|Any CPU.ActiveCfg = Debug|Any CPU
		{15A65B7A-5B4F-48DC-A35A-8F68FA1985DB}.Debug|Any CPU.Build.0 = Debug|Any CPU
		{15A65B7A-5B4F-48DC-A35A-8F68FA1985DB}.Debug|x64.ActiveCfg = Debug|Any CPU
		{15A65B7A-5B4F-48DC-A35A-8F68FA1985DB}.Debug|x64.Build.0 = Debug|Any CPU
		{15A65B7A-5B4F-48DC-A35A-8F68FA1985DB}.Debug|x86.ActiveCfg = Debug|Any CPU
		{15A65B7A-5B4F-48DC-A35A-8F68FA1985DB}.Debug|x86.Build.0 = Debug|Any CPU
		{15A65B7A-5B4F-48DC-A35A-8F68FA1985DB}.Release|Any CPU.ActiveCfg = Release|Any CPU
		{15A65B7A-5B4F-48DC-A35A-8F68FA1985DB}.Release|Any CPU.Build.0 = Release|Any CPU
		{15A65B7A-5B4F-48DC-A35A-8F68FA1985DB}.Release|x64.ActiveCfg = Release|Any CPU
		{15A65B7A-5B4F-48DC-A35A-8F68FA1985DB}.Release|x64.Build.0 = Release|Any CPU
		{15A65B7A-5B4F-48DC-A35A-8F68FA1985DB}.Release|x86.ActiveCfg = Release|Any CPU
		{15A65B7A-5B4F-48DC-A35A-8F68FA1985DB}.Release|x86.Build.0 = Release|Any CPU
		{FD9D31B1-B28D-436A-A106-DCA160CA830C}.Debug|Any CPU.ActiveCfg = Debug|Any CPU
		{FD9D31B1-B28D-436A-A106-DCA160CA830C}.Debug|Any CPU.Build.0 = Debug|Any CPU
		{FD9D31B1-B28D-436A-A106-DCA160CA830C}.Debug|x64.ActiveCfg = Debug|Any CPU
		{FD9D31B1-B28D-436A-A106-DCA160CA830C}.Debug|x64.Build.0 = Debug|Any CPU
		{FD9D31B1-B28D-436A-A106-DCA160CA830C}.Debug|x86.ActiveCfg = Debug|Any CPU
		{FD9D31B1-B28D-436A-A106-DCA160CA830C}.Debug|x86.Build.0 = Debug|Any CPU
		{FD9D31B1-B28D-436A-A106-DCA160CA830C}.Release|Any CPU.ActiveCfg = Release|Any CPU
		{FD9D31B1-B28D-436A-A106-DCA160CA830C}.Release|Any CPU.Build.0 = Release|Any CPU
		{FD9D31B1-B28D-436A-A106-DCA160CA830C}.Release|x64.ActiveCfg = Release|Any CPU
		{FD9D31B1-B28D-436A-A106-DCA160CA830C}.Release|x64.Build.0 = Release|Any CPU
		{FD9D31B1-B28D-436A-A106-DCA160CA830C}.Release|x86.ActiveCfg = Release|Any CPU
		{FD9D31B1-B28D-436A-A106-DCA160CA830C}.Release|x86.Build.0 = Release|Any CPU
		{63672D51-25B6-498A-A2B9-429CD2A3D032}.Debug|Any CPU.ActiveCfg = Debug|Any CPU
		{63672D51-25B6-498A-A2B9-429CD2A3D032}.Debug|Any CPU.Build.0 = Debug|Any CPU
		{63672D51-25B6-498A-A2B9-429CD2A3D032}.Debug|x64.ActiveCfg = Debug|Any CPU
		{63672D51-25B6-498A-A2B9-429CD2A3D032}.Debug|x64.Build.0 = Debug|Any CPU
		{63672D51-25B6-498A-A2B9-429CD2A3D032}.Debug|x86.ActiveCfg = Debug|Any CPU
		{63672D51-25B6-498A-A2B9-429CD2A3D032}.Debug|x86.Build.0 = Debug|Any CPU
		{63672D51-25B6-498A-A2B9-429CD2A3D032}.Release|Any CPU.ActiveCfg = Release|Any CPU
		{63672D51-25B6-498A-A2B9-429CD2A3D032}.Release|Any CPU.Build.0 = Release|Any CPU
		{63672D51-25B6-498A-A2B9-429CD2A3D032}.Release|x64.ActiveCfg = Release|Any CPU
		{63672D51-25B6-498A-A2B9-429CD2A3D032}.Release|x64.Build.0 = Release|Any CPU
		{63672D51-25B6-498A-A2B9-429CD2A3D032}.Release|x86.ActiveCfg = Release|Any CPU
		{63672D51-25B6-498A-A2B9-429CD2A3D032}.Release|x86.Build.0 = Release|Any CPU
		{735D610A-15DD-4624-80FB-828DC7A0C111}.Debug|Any CPU.ActiveCfg = Debug|Any CPU
		{735D610A-15DD-4624-80FB-828DC7A0C111}.Debug|Any CPU.Build.0 = Debug|Any CPU
		{735D610A-15DD-4624-80FB-828DC7A0C111}.Debug|x64.ActiveCfg = Debug|Any CPU
		{735D610A-15DD-4624-80FB-828DC7A0C111}.Debug|x64.Build.0 = Debug|Any CPU
		{735D610A-15DD-4624-80FB-828DC7A0C111}.Debug|x86.ActiveCfg = Debug|Any CPU
		{735D610A-15DD-4624-80FB-828DC7A0C111}.Debug|x86.Build.0 = Debug|Any CPU
		{735D610A-15DD-4624-80FB-828DC7A0C111}.Release|Any CPU.ActiveCfg = Release|Any CPU
		{735D610A-15DD-4624-80FB-828DC7A0C111}.Release|Any CPU.Build.0 = Release|Any CPU
		{735D610A-15DD-4624-80FB-828DC7A0C111}.Release|x64.ActiveCfg = Release|Any CPU
		{735D610A-15DD-4624-80FB-828DC7A0C111}.Release|x64.Build.0 = Release|Any CPU
		{735D610A-15DD-4624-80FB-828DC7A0C111}.Release|x86.ActiveCfg = Release|Any CPU
		{735D610A-15DD-4624-80FB-828DC7A0C111}.Release|x86.Build.0 = Release|Any CPU
		{5FF1C603-8224-4575-8883-C82BC7BFDAFC}.Debug|Any CPU.ActiveCfg = Debug|Any CPU
		{5FF1C603-8224-4575-8883-C82BC7BFDAFC}.Debug|Any CPU.Build.0 = Debug|Any CPU
		{5FF1C603-8224-4575-8883-C82BC7BFDAFC}.Debug|x64.ActiveCfg = Debug|Any CPU
		{5FF1C603-8224-4575-8883-C82BC7BFDAFC}.Debug|x64.Build.0 = Debug|Any CPU
		{5FF1C603-8224-4575-8883-C82BC7BFDAFC}.Debug|x86.ActiveCfg = Debug|Any CPU
		{5FF1C603-8224-4575-8883-C82BC7BFDAFC}.Debug|x86.Build.0 = Debug|Any CPU
		{5FF1C603-8224-4575-8883-C82BC7BFDAFC}.Release|Any CPU.ActiveCfg = Release|Any CPU
		{5FF1C603-8224-4575-8883-C82BC7BFDAFC}.Release|Any CPU.Build.0 = Release|Any CPU
		{5FF1C603-8224-4575-8883-C82BC7BFDAFC}.Release|x64.ActiveCfg = Release|Any CPU
		{5FF1C603-8224-4575-8883-C82BC7BFDAFC}.Release|x64.Build.0 = Release|Any CPU
		{5FF1C603-8224-4575-8883-C82BC7BFDAFC}.Release|x86.ActiveCfg = Release|Any CPU
		{5FF1C603-8224-4575-8883-C82BC7BFDAFC}.Release|x86.Build.0 = Release|Any CPU
		{B35560D8-6F49-4E48-B074-C24B075B37DF}.Debug|Any CPU.ActiveCfg = Debug|Any CPU
		{B35560D8-6F49-4E48-B074-C24B075B37DF}.Debug|Any CPU.Build.0 = Debug|Any CPU
		{B35560D8-6F49-4E48-B074-C24B075B37DF}.Debug|x64.ActiveCfg = Debug|Any CPU
		{B35560D8-6F49-4E48-B074-C24B075B37DF}.Debug|x64.Build.0 = Debug|Any CPU
		{B35560D8-6F49-4E48-B074-C24B075B37DF}.Debug|x86.ActiveCfg = Debug|Any CPU
		{B35560D8-6F49-4E48-B074-C24B075B37DF}.Debug|x86.Build.0 = Debug|Any CPU
		{B35560D8-6F49-4E48-B074-C24B075B37DF}.Release|Any CPU.ActiveCfg = Release|Any CPU
		{B35560D8-6F49-4E48-B074-C24B075B37DF}.Release|Any CPU.Build.0 = Release|Any CPU
		{B35560D8-6F49-4E48-B074-C24B075B37DF}.Release|x64.ActiveCfg = Release|Any CPU
		{B35560D8-6F49-4E48-B074-C24B075B37DF}.Release|x64.Build.0 = Release|Any CPU
		{B35560D8-6F49-4E48-B074-C24B075B37DF}.Release|x86.ActiveCfg = Release|Any CPU
		{B35560D8-6F49-4E48-B074-C24B075B37DF}.Release|x86.Build.0 = Release|Any CPU
		{8781CBD3-3ED1-469B-9C5C-C1DAE110CA2B}.Debug|Any CPU.ActiveCfg = Debug|Any CPU
		{8781CBD3-3ED1-469B-9C5C-C1DAE110CA2B}.Debug|Any CPU.Build.0 = Debug|Any CPU
		{8781CBD3-3ED1-469B-9C5C-C1DAE110CA2B}.Debug|x64.ActiveCfg = Debug|Any CPU
		{8781CBD3-3ED1-469B-9C5C-C1DAE110CA2B}.Debug|x64.Build.0 = Debug|Any CPU
		{8781CBD3-3ED1-469B-9C5C-C1DAE110CA2B}.Debug|x86.ActiveCfg = Debug|Any CPU
		{8781CBD3-3ED1-469B-9C5C-C1DAE110CA2B}.Debug|x86.Build.0 = Debug|Any CPU
		{8781CBD3-3ED1-469B-9C5C-C1DAE110CA2B}.Release|Any CPU.ActiveCfg = Release|Any CPU
		{8781CBD3-3ED1-469B-9C5C-C1DAE110CA2B}.Release|Any CPU.Build.0 = Release|Any CPU
		{8781CBD3-3ED1-469B-9C5C-C1DAE110CA2B}.Release|x64.ActiveCfg = Release|Any CPU
		{8781CBD3-3ED1-469B-9C5C-C1DAE110CA2B}.Release|x64.Build.0 = Release|Any CPU
		{8781CBD3-3ED1-469B-9C5C-C1DAE110CA2B}.Release|x86.ActiveCfg = Release|Any CPU
		{8781CBD3-3ED1-469B-9C5C-C1DAE110CA2B}.Release|x86.Build.0 = Release|Any CPU
	EndGlobalSection
	GlobalSection(SolutionProperties) = preSolution
		HideSolutionNode = FALSE
	EndGlobalSection
EndGlobal
