
Microsoft Visual Studio Solution File, Format Version 12.00
# Visual Studio Version 17
VisualStudioVersion = 17.0.31903.59
MinimumVisualStudioVersion = 10.0.40219.1
Project("{2150E333-8FDC-42A3-9474-1A3956D46DE8}") = "examples", "examples", "{B36A84DF-456D-A817-6EDD-3EC3E7F6E11F}"
EndProject
Project("{F2A71F9B-5D33-465A-A702-920D77279786}") = "BasicRestApi", "examples\BasicRestApi\BasicRestApi.fsproj", "{4F2EE786-0D28-4618-B8B2-E63158C192F3}"
EndProject
Project("{F2A71F9B-5D33-465A-A702-920D77279786}") = "DependencyInjection", "examples\DependencyInjection\DependencyInjection.fsproj", "{D7B25F59-140C-4A76-88D8-CBD14259C181}"
EndProject
Project("{F2A71F9B-5D33-465A-A702-920D77279786}") = "ExternalViewEngine", "examples\ExternalViewEngine\ExternalViewEngine.fsproj", "{ECBCFB45-5637-4A79-8298-1FEE7CF1DE77}"
EndProject
Project("{F2A71F9B-5D33-465A-A702-920D77279786}") = "HelloWorld", "examples\HelloWorld\HelloWorld.fsproj", "{384AC778-2448-4C61-B430-E46FDD410002}"
EndProject
Project("{F2A71F9B-5D33-465A-A702-920D77279786}") = "HelloWorldMvc", "examples\HelloWorldMvc\HelloWorldMvc.fsproj", "{2721CB9D-A496-46DA-A87D-047F8A43E293}"
EndProject
Global
	GlobalSection(SolutionConfigurationPlatforms) = preSolution
		Debug|Any CPU = Debug|Any CPU
		Debug|x64 = Debug|x64
		Debug|x86 = Debug|x86
		Release|Any CPU = Release|Any CPU
		Release|x64 = Release|x64
		Release|x86 = Release|x86
	EndGlobalSection
	GlobalSection(ProjectConfigurationPlatforms) = postSolution
		{4F2EE786-0D28-4618-B8B2-E63158C192F3}.Debug|Any CPU.ActiveCfg = Debug|Any CPU
		{4F2EE786-0D28-4618-B8B2-E63158C192F3}.Debug|Any CPU.Build.0 = Debug|Any CPU
		{4F2EE786-0D28-4618-B8B2-E63158C192F3}.Debug|x64.ActiveCfg = Debug|Any CPU
		{4F2EE786-0D28-4618-B8B2-E63158C192F3}.Debug|x64.Build.0 = Debug|Any CPU
		{4F2EE786-0D28-4618-B8B2-E63158C192F3}.Debug|x86.ActiveCfg = Debug|Any CPU
		{4F2EE786-0D28-4618-B8B2-E63158C192F3}.Debug|x86.Build.0 = Debug|Any CPU
		{4F2EE786-0D28-4618-B8B2-E63158C192F3}.Release|Any CPU.ActiveCfg = Release|Any CPU
		{4F2EE786-0D28-4618-B8B2-E63158C192F3}.Release|Any CPU.Build.0 = Release|Any CPU
		{4F2EE786-0D28-4618-B8B2-E63158C192F3}.Release|x64.ActiveCfg = Release|Any CPU
		{4F2EE786-0D28-4618-B8B2-E63158C192F3}.Release|x64.Build.0 = Release|Any CPU
		{4F2EE786-0D28-4618-B8B2-E63158C192F3}.Release|x86.ActiveCfg = Release|Any CPU
		{4F2EE786-0D28-4618-B8B2-E63158C192F3}.Release|x86.Build.0 = Release|Any CPU
		{D7B25F59-140C-4A76-88D8-CBD14259C181}.Debug|Any CPU.ActiveCfg = Debug|Any CPU
		{D7B25F59-140C-4A76-88D8-CBD14259C181}.Debug|Any CPU.Build.0 = Debug|Any CPU
		{D7B25F59-140C-4A76-88D8-CBD14259C181}.Debug|x64.ActiveCfg = Debug|Any CPU
		{D7B25F59-140C-4A76-88D8-CBD14259C181}.Debug|x64.Build.0 = Debug|Any CPU
		{D7B25F59-140C-4A76-88D8-CBD14259C181}.Debug|x86.ActiveCfg = Debug|Any CPU
		{D7B25F59-140C-4A76-88D8-CBD14259C181}.Debug|x86.Build.0 = Debug|Any CPU
		{D7B25F59-140C-4A76-88D8-CBD14259C181}.Release|Any CPU.ActiveCfg = Release|Any CPU
		{D7B25F59-140C-4A76-88D8-CBD14259C181}.Release|Any CPU.Build.0 = Release|Any CPU
		{D7B25F59-140C-4A76-88D8-CBD14259C181}.Release|x64.ActiveCfg = Release|Any CPU
		{D7B25F59-140C-4A76-88D8-CBD14259C181}.Release|x64.Build.0 = Release|Any CPU
		{D7B25F59-140C-4A76-88D8-CBD14259C181}.Release|x86.ActiveCfg = Release|Any CPU
		{D7B25F59-140C-4A76-88D8-CBD14259C181}.Release|x86.Build.0 = Release|Any CPU
		{ECBCFB45-5637-4A79-8298-1FEE7CF1DE77}.Debug|Any CPU.ActiveCfg = Debug|Any CPU
		{ECBCFB45-5637-4A79-8298-1FEE7CF1DE77}.Debug|Any CPU.Build.0 = Debug|Any CPU
		{ECBCFB45-5637-4A79-8298-1FEE7CF1DE77}.Debug|x64.ActiveCfg = Debug|Any CPU
		{ECBCFB45-5637-4A79-8298-1FEE7CF1DE77}.Debug|x64.Build.0 = Debug|Any CPU
		{ECBCFB45-5637-4A79-8298-1FEE7CF1DE77}.Debug|x86.ActiveCfg = Debug|Any CPU
		{ECBCFB45-5637-4A79-8298-1FEE7CF1DE77}.Debug|x86.Build.0 = Debug|Any CPU
		{ECBCFB45-5637-4A79-8298-1FEE7CF1DE77}.Release|Any CPU.ActiveCfg = Release|Any CPU
		{ECBCFB45-5637-4A79-8298-1FEE7CF1DE77}.Release|Any CPU.Build.0 = Release|Any CPU
		{ECBCFB45-5637-4A79-8298-1FEE7CF1DE77}.Release|x64.ActiveCfg = Release|Any CPU
		{ECBCFB45-5637-4A79-8298-1FEE7CF1DE77}.Release|x64.Build.0 = Release|Any CPU
		{ECBCFB45-5637-4A79-8298-1FEE7CF1DE77}.Release|x86.ActiveCfg = Release|Any CPU
		{ECBCFB45-5637-4A79-8298-1FEE7CF1DE77}.Release|x86.Build.0 = Release|Any CPU
		{384AC778-2448-4C61-B430-E46FDD410002}.Debug|Any CPU.ActiveCfg = Debug|Any CPU
		{384AC778-2448-4C61-B430-E46FDD410002}.Debug|Any CPU.Build.0 = Debug|Any CPU
		{384AC778-2448-4C61-B430-E46FDD410002}.Debug|x64.ActiveCfg = Debug|Any CPU
		{384AC778-2448-4C61-B430-E46FDD410002}.Debug|x64.Build.0 = Debug|Any CPU
		{384AC778-2448-4C61-B430-E46FDD410002}.Debug|x86.ActiveCfg = Debug|Any CPU
		{384AC778-2448-4C61-B430-E46FDD410002}.Debug|x86.Build.0 = Debug|Any CPU
		{384AC778-2448-4C61-B430-E46FDD410002}.Release|Any CPU.ActiveCfg = Release|Any CPU
		{384AC778-2448-4C61-B430-E46FDD410002}.Release|Any CPU.Build.0 = Release|Any CPU
		{384AC778-2448-4C61-B430-E46FDD410002}.Release|x64.ActiveCfg = Release|Any CPU
		{384AC778-2448-4C61-B430-E46FDD410002}.Release|x64.Build.0 = Release|Any CPU
		{384AC778-2448-4C61-B430-E46FDD410002}.Release|x86.ActiveCfg = Release|Any CPU
		{384AC778-2448-4C61-B430-E46FDD410002}.Release|x86.Build.0 = Release|Any CPU
		{2721CB9D-A496-46DA-A87D-047F8A43E293}.Debug|Any CPU.ActiveCfg = Debug|Any CPU
		{2721CB9D-A496-46DA-A87D-047F8A43E293}.Debug|Any CPU.Build.0 = Debug|Any CPU
		{2721CB9D-A496-46DA-A87D-047F8A43E293}.Debug|x64.ActiveCfg = Debug|Any CPU
		{2721CB9D-A496-46DA-A87D-047F8A43E293}.Debug|x64.Build.0 = Debug|Any CPU
		{2721CB9D-A496-46DA-A87D-047F8A43E293}.Debug|x86.ActiveCfg = Debug|Any CPU
		{2721CB9D-A496-46DA-A87D-047F8A43E293}.Debug|x86.Build.0 = Debug|Any CPU
		{2721CB9D-A496-46DA-A87D-047F8A43E293}.Release|Any CPU.ActiveCfg = Release|Any CPU
		{2721CB9D-A496-46DA-A87D-047F8A43E293}.Release|Any CPU.Build.0 = Release|Any CPU
		{2721CB9D-A496-46DA-A87D-047F8A43E293}.Release|x64.ActiveCfg = Release|Any CPU
		{2721CB9D-A496-46DA-A87D-047F8A43E293}.Release|x64.Build.0 = Release|Any CPU
		{2721CB9D-A496-46DA-A87D-047F8A43E293}.Release|x86.ActiveCfg = Release|Any CPU
		{2721CB9D-A496-46DA-A87D-047F8A43E293}.Release|x86.Build.0 = Release|Any CPU
	EndGlobalSection
	GlobalSection(SolutionProperties) = preSolution
		HideSolutionNode = FALSE
	EndGlobalSection
	GlobalSection(NestedProjects) = preSolution
		{4F2EE786-0D28-4618-B8B2-E63158C192F3} = {B36A84DF-456D-A817-6EDD-3EC3E7F6E11F}
		{D7B25F59-140C-4A76-88D8-CBD14259C181} = {B36A84DF-456D-A817-6EDD-3EC3E7F6E11F}
		{ECBCFB45-5637-4A79-8298-1FEE7CF1DE77} = {B36A84DF-456D-A817-6EDD-3EC3E7F6E11F}
		{384AC778-2448-4C61-B430-E46FDD410002} = {B36A84DF-456D-A817-6EDD-3EC3E7F6E11F}
		{2721CB9D-A496-46DA-A87D-047F8A43E293} = {B36A84DF-456D-A817-6EDD-3EC3E7F6E11F}
	EndGlobalSection
EndGlobal
